
Microsoft Visual Studio Solution File, Format Version 12.00
# Visual Studio Version 17
VisualStudioVersion = 17.10.34928.147
MinimumVisualStudioVersion = 10.0.40219.1
Project("{9A19103F-16F7-4668-BE54-9A1E7A4F7556}") = "ArenaGame", "ArenaGame\ArenaGame.csproj", "{C9EA5F8E-4F9B-4E78-AA5A-59365B7EDECF}"
EndProject
Project("{9A19103F-16F7-4668-BE54-9A1E7A4F7556}") = "ArenaGame.Tests", "ArenaGame.Tests\ArenaGame.Tests.csproj", "{D640DD5F-F4CA-41EA-917F-5EB88F1D7823}"
EndProject
Global
	GlobalSection(SolutionConfigurationPlatforms) = preSolution
		Debug|Any CPU = Debug|Any CPU
		Release|Any CPU = Release|Any CPU
	EndGlobalSection
	GlobalSection(ProjectConfigurationPlatforms) = postSolution
		{C9EA5F8E-4F9B-4E78-AA5A-59365B7EDECF}.Debug|Any CPU.ActiveCfg = Debug|Any CPU
		{C9EA5F8E-4F9B-4E78-AA5A-59365B7EDECF}.Debug|Any CPU.Build.0 = Debug|Any CPU
		{C9EA5F8E-4F9B-4E78-AA5A-59365B7EDECF}.Release|Any CPU.ActiveCfg = Release|Any CPU
		{C9EA5F8E-4F9B-4E78-AA5A-59365B7EDECF}.Release|Any CPU.Build.0 = Release|Any CPU
		{D640DD5F-F4CA-41EA-917F-5EB88F1D7823}.Debug|Any CPU.ActiveCfg = Debug|Any CPU
		{D640DD5F-F4CA-41EA-917F-5EB88F1D7823}.Debug|Any CPU.Build.0 = Debug|Any CPU
		{D640DD5F-F4CA-41EA-917F-5EB88F1D7823}.Release|Any CPU.ActiveCfg = Release|Any CPU
		{D640DD5F-F4CA-41EA-917F-5EB88F1D7823}.Release|Any CPU.Build.0 = Release|Any CPU
	EndGlobalSection
	GlobalSection(SolutionProperties) = preSolution
		HideSolutionNode = FALSE
	EndGlobalSection
	GlobalSection(ExtensibilityGlobals) = postSolution
		SolutionGuid = {E57BD291-9F60-4016-8DDD-B0BD8D48DE73}
	EndGlobalSection
EndGlobal
